
Microsoft Visual Studio Solution File, Format Version 12.00
# Visual Studio Version 17
VisualStudioVersion = 17.9.34616.47
MinimumVisualStudioVersion = 10.0.40219.1
Project("{9A19103F-16F7-4668-BE54-9A1E7A4F7556}") = "MyCheeseShop", "MyCheeseShop\MyCheeseShop.csproj", "{578B0982-E282-46A1-BAE0-10F74A44104A}"
EndProject
Global
	GlobalSection(SolutionConfigurationPlatforms) = preSolution
		Debug|Any CPU = Debug|Any CPU
		Release|Any CPU = Release|Any CPU
	EndGlobalSection
	GlobalSection(ProjectConfigurationPlatforms) = postSolution
		{578B0982-E282-46A1-BAE0-10F74A44104A}.Debug|Any CPU.ActiveCfg = Debug|Any CPU
		{578B0982-E282-46A1-BAE0-10F74A44104A}.Debug|Any CPU.Build.0 = Debug|Any CPU
		{578B0982-E282-46A1-BAE0-10F74A44104A}.Release|Any CPU.ActiveCfg = Release|Any CPU
		{578B0982-E282-46A1-BAE0-10F74A44104A}.Release|Any CPU.Build.0 = Release|Any CPU
	EndGlobalSection
	GlobalSection(SolutionProperties) = preSolution
		HideSolutionNode = FALSE
	EndGlobalSection
	GlobalSection(ExtensibilityGlobals) = postSolution
		SolutionGuid = {726D3C1D-3FD0-4A57-BF89-7A2A72FA9BA1}
	EndGlobalSection
EndGlobal
